
Microsoft Visual Studio Solution File, Format Version 12.00
# Visual Studio Version 16
VisualStudioVersion = 16.0.29806.167
MinimumVisualStudioVersion = 10.0.40219.1
Project("{FAE04EC0-301F-11D3-BF4B-00C04F79EFBC}") = "StyletNavBarSample", "StyletNavBarSample\StyletNavBarSample.csproj", "{CBC4C600-3FBE-4065-9E41-F4910A31C97D}"
EndProject
Global
	GlobalSection(SolutionConfigurationPlatforms) = preSolution
		Debug|Any CPU = Debug|Any CPU
		Release|Any CPU = Release|Any CPU
	EndGlobalSection
	GlobalSection(ProjectConfigurationPlatforms) = postSolution
		{CBC4C600-3FBE-4065-9E41-F4910A31C97D}.Debug|Any CPU.ActiveCfg = Debug|Any CPU
		{CBC4C600-3FBE-4065-9E41-F4910A31C97D}.Debug|Any CPU.Build.0 = Debug|Any CPU
		{CBC4C600-3FBE-4065-9E41-F4910A31C97D}.Release|Any CPU.ActiveCfg = Release|Any CPU
		{CBC4C600-3FBE-4065-9E41-F4910A31C97D}.Release|Any CPU.Build.0 = Release|Any CPU
	EndGlobalSection
	GlobalSection(SolutionProperties) = preSolution
		HideSolutionNode = FALSE
	EndGlobalSection
	GlobalSection(ExtensibilityGlobals) = postSolution
		SolutionGuid = {4C103D84-F7B4-42A2-8C15-E2791A529448}
	EndGlobalSection
EndGlobal
